# This file is autogenerated, do not edit; changes may be undone by the next 'dep ensure'.


[[projects]]
  name = "go.uber.org/atomic"
  packages = ["."]
  revision = "1ea20fb1cbb1cc08cbd0d913a96dead89aa18289"
  version = "v1.3.2"

[[projects]]
  name = "go.uber.org/dig"
  packages = [".","internal/digreflect","internal/dot"]
  revision = "7ff117f761a3f1b3eb521945c17a1091438eb6de"
  version = "v1.7.0"

[[projects]]
  name = "go.uber.org/fx"
  packages = [".","internal/fxlog","internal/fxreflect","internal/lifecycle"]
  revision = "9c82e1daccdcbd27387a1f044bd3dc6d3f878bf4"
  version = "v1.8.0"

[[projects]]
  name = "go.uber.org/multierr"
  packages = ["."]
  revision = "3c4937480c32f4c13a875a1829af76c98ca3d40a"
  version = "v1.1.0"

[[projects]]
  name = "gopkg.in/yaml.v2"
  packages = ["."]
  revision = "51d6538a90f86fe93ac480b35f37b2be17fef232"
  version = "v2.2.2"

[solve-meta]
  analyzer-name = "dep"
  analyzer-version = 1
  inputs-digest = "a0307796f7e7430d51520b53a979e5221d2fb37b44f896d799dfffef3ad03a46"
  solver-name = "gps-cdcl"
  solver-version = 1
